// !$*UTF8*$!
{
	archiveVersion = 1;
	classes = {
	};
	objectVersion = 55;
	objects = {

/* Begin PBXBuildFile section */
		1F14B9A3657729A4FC8754D1 /* Pods_PicShare.framework in Frameworks */ = {isa = PBXBuildFile; fileRef = 24A86C91A38DEF0B19D56059 /* Pods_PicShare.framework */; };
		6106B4BB2865B30C00940ACE /* UploadImageViewController.swift in Sources */ = {isa = PBXBuildFile; fileRef = 6106B4BA2865B30C00940ACE /* UploadImageViewController.swift */; };
		6125EC082864B16A0000E336 /* AppDelegate.swift in Sources */ = {isa = PBXBuildFile; fileRef = 6125EC072864B16A0000E336 /* AppDelegate.swift */; };
		6125EC0A2864B16A0000E336 /* SceneDelegate.swift in Sources */ = {isa = PBXBuildFile; fileRef = 6125EC092864B16A0000E336 /* SceneDelegate.swift */; };
		6125EC0C2864B16A0000E336 /* SignInViewController.swift in Sources */ = {isa = PBXBuildFile; fileRef = 6125EC0B2864B16A0000E336 /* SignInViewController.swift */; };
		6125EC0F2864B16A0000E336 /* Main.storyboard in Resources */ = {isa = PBXBuildFile; fileRef = 6125EC0D2864B16A0000E336 /* Main.storyboard */; };
		6125EC112864B16F0000E336 /* Assets.xcassets in Resources */ = {isa = PBXBuildFile; fileRef = 6125EC102864B16F0000E336 /* Assets.xcassets */; };
		6125EC142864B16F0000E336 /* LaunchScreen.storyboard in Resources */ = {isa = PBXBuildFile; fileRef = 6125EC122864B16F0000E336 /* LaunchScreen.storyboard */; };
		615193682874830A00698C1F /* UserProfileViewController.swift in Sources */ = {isa = PBXBuildFile; fileRef = 615193672874830A00698C1F /* UserProfileViewController.swift */; };
		616A1A582864C73D00E7428E /* SignUpViewController.swift in Sources */ = {isa = PBXBuildFile; fileRef = 616A1A572864C73C00E7428E /* SignUpViewController.swift */; };
		616A1A5A2865A1BA00E7428E /* HomeViewController.swift in Sources */ = {isa = PBXBuildFile; fileRef = 616A1A592865A1BA00E7428E /* HomeViewController.swift */; };
		61B07519286729050046E748 /* MyProfileViewController.swift in Sources */ = {isa = PBXBuildFile; fileRef = 61B07518286729050046E748 /* MyProfileViewController.swift */; };
		61F3D080286A05E4000479B7 /* GoogleService-Info.plist in Resources */ = {isa = PBXBuildFile; fileRef = 61F3D07F286A05E4000479B7 /* GoogleService-Info.plist */; };
		61F3D08228718168000479B7 /* SearchImageViewController.swift in Sources */ = {isa = PBXBuildFile; fileRef = 61F3D08128718168000479B7 /* SearchImageViewController.swift */; };
		61F3D08428718C7A000479B7 /* CustomTableViewCell.swift in Sources */ = {isa = PBXBuildFile; fileRef = 61F3D08328718C7A000479B7 /* CustomTableViewCell.swift */; };
/* End PBXBuildFile section */

/* Begin PBXFileReference section */
		1FAC24F1F23D899D0CE1CE08 /* Pods-PicShare.release.xcconfig */ = {isa = PBXFileReference; includeInIndex = 1; lastKnownFileType = text.xcconfig; name = "Pods-PicShare.release.xcconfig"; path = "Target Support Files/Pods-PicShare/Pods-PicShare.release.xcconfig"; sourceTree = "<group>"; };
		24A86C91A38DEF0B19D56059 /* Pods_PicShare.framework */ = {isa = PBXFileReference; explicitFileType = wrapper.framework; includeInIndex = 0; path = Pods_PicShare.framework; sourceTree = BUILT_PRODUCTS_DIR; };
		6106B4BA2865B30C00940ACE /* UploadImageViewController.swift */ = {isa = PBXFileReference; lastKnownFileType = sourcecode.swift; path = UploadImageViewController.swift; sourceTree = "<group>"; };
		6125EC042864B16A0000E336 /* PicShare.app */ = {isa = PBXFileReference; explicitFileType = wrapper.application; includeInIndex = 0; path = PicShare.app; sourceTree = BUILT_PRODUCTS_DIR; };
		6125EC072864B16A0000E336 /* AppDelegate.swift */ = {isa = PBXFileReference; lastKnownFileType = sourcecode.swift; path = AppDelegate.swift; sourceTree = "<group>"; };
		6125EC092864B16A0000E336 /* SceneDelegate.swift */ = {isa = PBXFileReference; lastKnownFileType = sourcecode.swift; path = SceneDelegate.swift; sourceTree = "<group>"; };
		6125EC0B2864B16A0000E336 /* SignInViewController.swift */ = {isa = PBXFileReference; lastKnownFileType = sourcecode.swift; path = SignInViewController.swift; sourceTree = "<group>"; };
		6125EC0E2864B16A0000E336 /* Base */ = {isa = PBXFileReference; lastKnownFileType = file.storyboard; name = Base; path = Base.lproj/Main.storyboard; sourceTree = "<group>"; };
		6125EC102864B16F0000E336 /* Assets.xcassets */ = {isa = PBXFileReference; lastKnownFileType = folder.assetcatalog; path = Assets.xcassets; sourceTree = "<group>"; };
		6125EC132864B16F0000E336 /* Base */ = {isa = PBXFileReference; lastKnownFileType = file.storyboard; name = Base; path = Base.lproj/LaunchScreen.storyboard; sourceTree = "<group>"; };
		6125EC152864B16F0000E336 /* Info.plist */ = {isa = PBXFileReference; lastKnownFileType = text.plist.xml; path = Info.plist; sourceTree = "<group>"; };
		615193672874830A00698C1F /* UserProfileViewController.swift */ = {isa = PBXFileReference; lastKnownFileType = sourcecode.swift; path = UserProfileViewController.swift; sourceTree = "<group>"; };
		616A1A572864C73C00E7428E /* SignUpViewController.swift */ = {isa = PBXFileReference; lastKnownFileType = sourcecode.swift; path = SignUpViewController.swift; sourceTree = "<group>"; };
		616A1A592865A1BA00E7428E /* HomeViewController.swift */ = {isa = PBXFileReference; lastKnownFileType = sourcecode.swift; path = HomeViewController.swift; sourceTree = "<group>"; };
		61B07518286729050046E748 /* MyProfileViewController.swift */ = {isa = PBXFileReference; lastKnownFileType = sourcecode.swift; path = MyProfileViewController.swift; sourceTree = "<group>"; };
		61F3D07F286A05E4000479B7 /* GoogleService-Info.plist */ = {isa = PBXFileReference; fileEncoding = 4; lastKnownFileType = text.plist.xml; path = "GoogleService-Info.plist"; sourceTree = "<group>"; };
		61F3D08128718168000479B7 /* SearchImageViewController.swift */ = {isa = PBXFileReference; lastKnownFileType = sourcecode.swift; path = SearchImageViewController.swift; sourceTree = "<group>"; };
		61F3D08328718C7A000479B7 /* CustomTableViewCell.swift */ = {isa = PBXFileReference; lastKnownFileType = sourcecode.swift; path = CustomTableViewCell.swift; sourceTree = "<group>"; };
		CDAA85D6F7A8A5F2E83083EA /* Pods-PicShare.debug.xcconfig */ = {isa = PBXFileReference; includeInIndex = 1; lastKnownFileType = text.xcconfig; name = "Pods-PicShare.debug.xcconfig"; path = "Target Support Files/Pods-PicShare/Pods-PicShare.debug.xcconfig"; sourceTree = "<group>"; };
/* End PBXFileReference section */

/* Begin PBXFrameworksBuildPhase section */
		6125EC012864B16A0000E336 /* Frameworks */ = {
			isa = PBXFrameworksBuildPhase;
			buildActionMask = 2147483647;
			files = (
				1F14B9A3657729A4FC8754D1 /* Pods_PicShare.framework in Frameworks */,
			);
			runOnlyForDeploymentPostprocessing = 0;
		};
/* End PBXFrameworksBuildPhase section */

/* Begin PBXGroup section */
		03F6567084797433F6F58171 /* Frameworks */ = {
			isa = PBXGroup;
			children = (
				24A86C91A38DEF0B19D56059 /* Pods_PicShare.framework */,
			);
			name = Frameworks;
			sourceTree = "<group>";
		};
		1B1F4BE88712B32105E6B876 /* Pods */ = {
			isa = PBXGroup;
			children = (
				CDAA85D6F7A8A5F2E83083EA /* Pods-PicShare.debug.xcconfig */,
				1FAC24F1F23D899D0CE1CE08 /* Pods-PicShare.release.xcconfig */,
			);
			path = Pods;
			sourceTree = "<group>";
		};
		6125EBFB2864B16A0000E336 = {
			isa = PBXGroup;
			children = (
				6125EC062864B16A0000E336 /* PicShare */,
				6125EC052864B16A0000E336 /* Products */,
				1B1F4BE88712B32105E6B876 /* Pods */,
				03F6567084797433F6F58171 /* Frameworks */,
			);
			sourceTree = "<group>";
		};
		6125EC052864B16A0000E336 /* Products */ = {
			isa = PBXGroup;
			children = (
				6125EC042864B16A0000E336 /* PicShare.app */,
			);
			name = Products;
			sourceTree = "<group>";
		};
		6125EC062864B16A0000E336 /* PicShare */ = {
			isa = PBXGroup;
			children = (
				6125EC072864B16A0000E336 /* AppDelegate.swift */,
				6125EC092864B16A0000E336 /* SceneDelegate.swift */,
				6125EC0B2864B16A0000E336 /* SignInViewController.swift */,
				616A1A572864C73C00E7428E /* SignUpViewController.swift */,
				616A1A592865A1BA00E7428E /* HomeViewController.swift */,
				6106B4BA2865B30C00940ACE /* UploadImageViewController.swift */,
				61B07518286729050046E748 /* MyProfileViewController.swift */,
				61F3D08128718168000479B7 /* SearchImageViewController.swift */,
				61F3D08328718C7A000479B7 /* CustomTableViewCell.swift */,
				615193672874830A00698C1F /* UserProfileViewController.swift */,
				6125EC0D2864B16A0000E336 /* Main.storyboard */,
				6125EC102864B16F0000E336 /* Assets.xcassets */,
				6125EC122864B16F0000E336 /* LaunchScreen.storyboard */,
				61F3D07F286A05E4000479B7 /* GoogleService-Info.plist */,
				6125EC152864B16F0000E336 /* Info.plist */,
			);
			path = PicShare;
			sourceTree = "<group>";
		};
/* End PBXGroup section */

/* Begin PBXNativeTarget section */
		6125EC032864B16A0000E336 /* PicShare */ = {
			isa = PBXNativeTarget;
			buildConfigurationList = 6125EC182864B16F0000E336 /* Build configuration list for PBXNativeTarget "PicShare" */;
			buildPhases = (
				3B73D7FF30C1B0070C81E8A0 /* [CP] Check Pods Manifest.lock */,
				6125EC002864B16A0000E336 /* Sources */,
				6125EC012864B16A0000E336 /* Frameworks */,
				6125EC022864B16A0000E336 /* Resources */,
				35E1A8800E570A9AE619B68D /* [CP] Embed Pods Frameworks */,
			);
			buildRules = (
			);
			dependencies = (
			);
			name = PicShare;
			productName = PicShare;
			productReference = 6125EC042864B16A0000E336 /* PicShare.app */;
			productType = "com.apple.product-type.application";
		};
/* End PBXNativeTarget section */

/* Begin PBXProject section */
		6125EBFC2864B16A0000E336 /* Project object */ = {
			isa = PBXProject;
			attributes = {
				BuildIndependentTargetsInParallel = 1;
				LastSwiftUpdateCheck = 1330;
				LastUpgradeCheck = 1330;
				TargetAttributes = {
					6125EC032864B16A0000E336 = {
						CreatedOnToolsVersion = 13.3;
					};
				};
			};
			buildConfigurationList = 6125EBFF2864B16A0000E336 /* Build configuration list for PBXProject "PicShare" */;
			compatibilityVersion = "Xcode 13.0";
			developmentRegion = en;
			hasScannedForEncodings = 0;
			knownRegions = (
				en,
				Base,
			);
			mainGroup = 6125EBFB2864B16A0000E336;
			productRefGroup = 6125EC052864B16A0000E336 /* Products */;
			projectDirPath = "";
			projectRoot = "";
			targets = (
				6125EC032864B16A0000E336 /* PicShare */,
			);
		};
/* End PBXProject section */

/* Begin PBXResourcesBuildPhase section */
		6125EC022864B16A0000E336 /* Resources */ = {
			isa = PBXResourcesBuildPhase;
			buildActionMask = 2147483647;
			files = (
				6125EC142864B16F0000E336 /* LaunchScreen.storyboard in Resources */,
				61F3D080286A05E4000479B7 /* GoogleService-Info.plist in Resources */,
				6125EC112864B16F0000E336 /* Assets.xcassets in Resources */,
				6125EC0F2864B16A0000E336 /* Main.storyboard in Resources */,
			);
			runOnlyForDeploymentPostprocessing = 0;
		};
/* End PBXResourcesBuildPhase section */

/* Begin PBXShellScriptBuildPhase section */
		35E1A8800E570A9AE619B68D /* [CP] Embed Pods Frameworks */ = {
			isa = PBXShellScriptBuildPhase;
			buildActionMask = 2147483647;
			files = (
			);
			inputFileListPaths = (
				"${PODS_ROOT}/Target Support Files/Pods-PicShare/Pods-PicShare-frameworks-${CONFIGURATION}-input-files.xcfilelist",
			);
			name = "[CP] Embed Pods Frameworks";
			outputFileListPaths = (
				"${PODS_ROOT}/Target Support Files/Pods-PicShare/Pods-PicShare-frameworks-${CONFIGURATION}-output-files.xcfilelist",
			);
			runOnlyForDeploymentPostprocessing = 0;
			shellPath = /bin/sh;
			shellScript = "\"${PODS_ROOT}/Target Support Files/Pods-PicShare/Pods-PicShare-frameworks.sh\"\n";
			showEnvVarsInLog = 0;
		};
		3B73D7FF30C1B0070C81E8A0 /* [CP] Check Pods Manifest.lock */ = {
			isa = PBXShellScriptBuildPhase;
			buildActionMask = 2147483647;
			files = (
			);
			inputFileListPaths = (
			);
			inputPaths = (
				"${PODS_PODFILE_DIR_PATH}/Podfile.lock",
				"${PODS_ROOT}/Manifest.lock",
			);
			name = "[CP] Check Pods Manifest.lock";
			outputFileListPaths = (
			);
			outputPaths = (
				"$(DERIVED_FILE_DIR)/Pods-PicShare-checkManifestLockResult.txt",
			);
			runOnlyForDeploymentPostprocessing = 0;
			shellPath = /bin/sh;
			shellScript = "diff \"${PODS_PODFILE_DIR_PATH}/Podfile.lock\" \"${PODS_ROOT}/Manifest.lock\" > /dev/null\nif [ $? != 0 ] ; then\n    # print error to STDERR\n    echo \"error: The sandbox is not in sync with the Podfile.lock. Run 'pod install' or update your CocoaPods installation.\" >&2\n    exit 1\nfi\n# This output is used by Xcode 'outputs' to avoid re-running this script phase.\necho \"SUCCESS\" > \"${SCRIPT_OUTPUT_FILE_0}\"\n";
			showEnvVarsInLog = 0;
		};
/* End PBXShellScriptBuildPhase section */

/* Begin PBXSourcesBuildPhase section */
		6125EC002864B16A0000E336 /* Sources */ = {
			isa = PBXSourcesBuildPhase;
			buildActionMask = 2147483647;
			files = (
				61F3D08428718C7A000479B7 /* CustomTableViewCell.swift in Sources */,
				615193682874830A00698C1F /* UserProfileViewController.swift in Sources */,
				616A1A5A2865A1BA00E7428E /* HomeViewController.swift in Sources */,
				6125EC0C2864B16A0000E336 /* SignInViewController.swift in Sources */,
				61F3D08228718168000479B7 /* SearchImageViewController.swift in Sources */,
				61B07519286729050046E748 /* MyProfileViewController.swift in Sources */,
				6125EC082864B16A0000E336 /* AppDelegate.swift in Sources */,
				6125EC0A2864B16A0000E336 /* SceneDelegate.swift in Sources */,
				616A1A582864C73D00E7428E /* SignUpViewController.swift in Sources */,
				6106B4BB2865B30C00940ACE /* UploadImageViewController.swift in Sources */,
			);
			runOnlyForDeploymentPostprocessing = 0;
		};
/* End PBXSourcesBuildPhase section */

/* Begin PBXVariantGroup section */
		6125EC0D2864B16A0000E336 /* Main.storyboard */ = {
			isa = PBXVariantGroup;
			children = (
				6125EC0E2864B16A0000E336 /* Base */,
			);
			name = Main.storyboard;
			sourceTree = "<group>";
		};
		6125EC122864B16F0000E336 /* LaunchScreen.storyboard */ = {
			isa = PBXVariantGroup;
			children = (
				6125EC132864B16F0000E336 /* Base */,
			);
			name = LaunchScreen.storyboard;
			sourceTree = "<group>";
		};
/* End PBXVariantGroup section */

/* Begin XCBuildConfiguration section */
		6125EC162864B16F0000E336 /* Debug */ = {
			isa = XCBuildConfiguration;
			buildSettings = {
				ALWAYS_SEARCH_USER_PATHS = NO;
				CLANG_ANALYZER_NONNULL = YES;
				CLANG_ANALYZER_NUMBER_OBJECT_CONVERSION = YES_AGGRESSIVE;
				CLANG_CXX_LANGUAGE_STANDARD = "gnu++17";
				CLANG_ENABLE_MODULES = YES;
				CLANG_ENABLE_OBJC_ARC = YES;
				CLANG_ENABLE_OBJC_WEAK = YES;
				CLANG_WARN_BLOCK_CAPTURE_AUTORELEASING = YES;
				CLANG_WARN_BOOL_CONVERSION = YES;
				CLANG_WARN_COMMA = YES;
				CLANG_WARN_CONSTANT_CONVERSION = YES;
				CLANG_WARN_DEPRECATED_OBJC_IMPLEMENTATIONS = YES;
				CLANG_WARN_DIRECT_OBJC_ISA_USAGE = YES_ERROR;
				CLANG_WARN_DOCUMENTATION_COMMENTS = YES;
				CLANG_WARN_EMPTY_BODY = YES;
				CLANG_WARN_ENUM_CONVERSION = YES;
				CLANG_WARN_INFINITE_RECURSION = YES;
				CLANG_WARN_INT_CONVERSION = YES;
				CLANG_WARN_NON_LITERAL_NULL_CONVERSION = YES;
				CLANG_WARN_OBJC_IMPLICIT_RETAIN_SELF = YES;
				CLANG_WARN_OBJC_LITERAL_CONVERSION = YES;
				CLANG_WARN_OBJC_ROOT_CLASS = YES_ERROR;
				CLANG_WARN_QUOTED_INCLUDE_IN_FRAMEWORK_HEADER = YES;
				CLANG_WARN_RANGE_LOOP_ANALYSIS = YES;
				CLANG_WARN_STRICT_PROTOTYPES = YES;
				CLANG_WARN_SUSPICIOUS_MOVE = YES;
				CLANG_WARN_UNGUARDED_AVAILABILITY = YES_AGGRESSIVE;
				CLANG_WARN_UNREACHABLE_CODE = YES;
				CLANG_WARN__DUPLICATE_METHOD_MATCH = YES;
				COPY_PHASE_STRIP = NO;
				DEBUG_INFORMATION_FORMAT = dwarf;
				ENABLE_STRICT_OBJC_MSGSEND = YES;
				ENABLE_TESTABILITY = YES;
				GCC_C_LANGUAGE_STANDARD = gnu11;
				GCC_DYNAMIC_NO_PIC = NO;
				GCC_NO_COMMON_BLOCKS = YES;
				GCC_OPTIMIZATION_LEVEL = 0;
				GCC_PREPROCESSOR_DEFINITIONS = (
					"DEBUG=1",
					"$(inherited)",
				);
				GCC_WARN_64_TO_32_BIT_CONVERSION = YES;
				GCC_WARN_ABOUT_RETURN_TYPE = YES_ERROR;
				GCC_WARN_UNDECLARED_SELECTOR = YES;
				GCC_WARN_UNINITIALIZED_AUTOS = YES_AGGRESSIVE;
				GCC_WARN_UNUSED_FUNCTION = YES;
				GCC_WARN_UNUSED_VARIABLE = YES;
				IPHONEOS_DEPLOYMENT_TARGET = 15.4;
				MTL_ENABLE_DEBUG_INFO = INCLUDE_SOURCE;
				MTL_FAST_MATH = YES;
				ONLY_ACTIVE_ARCH = YES;
				SDKROOT = iphoneos;
				SWIFT_ACTIVE_COMPILATION_CONDITIONS = DEBUG;
				SWIFT_OPTIMIZATION_LEVEL = "-Onone";
			};
			name = Debug;
		};
		6125EC172864B16F0000E336 /* Release */ = {
			isa = XCBuildConfiguration;
			buildSettings = {
				ALWAYS_SEARCH_USER_PATHS = NO;
				CLANG_ANALYZER_NONNULL = YES;
				CLANG_ANALYZER_NUMBER_OBJECT_CONVERSION = YES_AGGRESSIVE;
				CLANG_CXX_LANGUAGE_STANDARD = "gnu++17";
				CLANG_ENABLE_MODULES = YES;
				CLANG_ENABLE_OBJC_ARC = YES;
				CLANG_ENABLE_OBJC_WEAK = YES;
				CLANG_WARN_BLOCK_CAPTURE_AUTORELEASING = YES;
				CLANG_WARN_BOOL_CONVERSION = YES;
				CLANG_WARN_COMMA = YES;
				CLANG_WARN_CONSTANT_CONVERSION = YES;
				CLANG_WARN_DEPRECATED_OBJC_IMPLEMENTATIONS = YES;
				CLANG_WARN_DIRECT_OBJC_ISA_USAGE = YES_ERROR;
				CLANG_WARN_DOCUMENTATION_COMMENTS = YES;
				CLANG_WARN_EMPTY_BODY = YES;
				CLANG_WARN_ENUM_CONVERSION = YES;
				CLANG_WARN_INFINITE_RECURSION = YES;
				CLANG_WARN_INT_CONVERSION = YES;
				CLANG_WARN_NON_LITERAL_NULL_CONVERSION = YES;
				CLANG_WARN_OBJC_IMPLICIT_RETAIN_SELF = YES;
				CLANG_WARN_OBJC_LITERAL_CONVERSION = YES;
				CLANG_WARN_OBJC_ROOT_CLASS = YES_ERROR;
				CLANG_WARN_QUOTED_INCLUDE_IN_FRAMEWORK_HEADER = YES;
				CLANG_WARN_RANGE_LOOP_ANALYSIS = YES;
				CLANG_WARN_STRICT_PROTOTYPES = YES;
				CLANG_WARN_SUSPICIOUS_MOVE = YES;
				CLANG_WARN_UNGUARDED_AVAILABILITY = YES_AGGRESSIVE;
				CLANG_WARN_UNREACHABLE_CODE = YES;
				CLANG_WARN__DUPLICATE_METHOD_MATCH = YES;
				COPY_PHASE_STRIP = NO;
				DEBUG_INFORMATION_FORMAT = "dwarf-with-dsym";
				ENABLE_NS_ASSERTIONS = NO;
				ENABLE_STRICT_OBJC_MSGSEND = YES;
				GCC_C_LANGUAGE_STANDARD = gnu11;
				GCC_NO_COMMON_BLOCKS = YES;
				GCC_WARN_64_TO_32_BIT_CONVERSION = YES;
				GCC_WARN_ABOUT_RETURN_TYPE = YES_ERROR;
				GCC_WARN_UNDECLARED_SELECTOR = YES;
				GCC_WARN_UNINITIALIZED_AUTOS = YES_AGGRESSIVE;
				GCC_WARN_UNUSED_FUNCTION = YES;
				GCC_WARN_UNUSED_VARIABLE = YES;
				IPHONEOS_DEPLOYMENT_TARGET = 15.4;
				MTL_ENABLE_DEBUG_INFO = NO;
				MTL_FAST_MATH = YES;
				SDKROOT = iphoneos;
				SWIFT_COMPILATION_MODE = wholemodule;
				SWIFT_OPTIMIZATION_LEVEL = "-O";
				VALIDATE_PRODUCT = YES;
			};
			name = Release;
		};
		6125EC192864B16F0000E336 /* Debug */ = {
			isa = XCBuildConfiguration;
			baseConfigurationReference = CDAA85D6F7A8A5F2E83083EA /* Pods-PicShare.debug.xcconfig */;
			buildSettings = {
				ASSETCATALOG_COMPILER_APPICON_NAME = AppIcon;
				ASSETCATALOG_COMPILER_GLOBAL_ACCENT_COLOR_NAME = AccentColor;
				CODE_SIGN_STYLE = Automatic;
				CURRENT_PROJECT_VERSION = 1;
				GENERATE_INFOPLIST_FILE = YES;
				INFOPLIST_FILE = PicShare/Info.plist;
				INFOPLIST_KEY_NSPhotoLibraryUsageDescription = "Please allow access to pick image.";
				INFOPLIST_KEY_UIApplicationSupportsIndirectInputEvents = YES;
				INFOPLIST_KEY_UILaunchStoryboardName = LaunchScreen;
				INFOPLIST_KEY_UIMainStoryboardFile = Main;
				INFOPLIST_KEY_UISupportedInterfaceOrientations_iPad = "UIInterfaceOrientationPortrait UIInterfaceOrientationPortraitUpsideDown UIInterfaceOrientationLandscapeLeft UIInterfaceOrientationLandscapeRight";
				INFOPLIST_KEY_UISupportedInterfaceOrientations_iPhone = "UIInterfaceOrientationPortrait UIInterfaceOrientationLandscapeLeft UIInterfaceOrientationLandscapeRight";
				LD_RUNPATH_SEARCH_PATHS = (
					"$(inherited)",
					"@executable_path/Frameworks",
				);
				MARKETING_VERSION = 1.0;
				PRODUCT_BUNDLE_IDENTIFIER = com.roei.PicShare;
				PRODUCT_NAME = "$(TARGET_NAME)";
				SWIFT_EMIT_LOC_STRINGS = YES;
				SWIFT_VERSION = 5.0;
				TARGETED_DEVICE_FAMILY = 1;
			};
			name = Debug;
		};
		6125EC1A2864B16F0000E336 /* Release */ = {
			isa = XCBuildConfiguration;
			baseConfigurationReference = 1FAC24F1F23D899D0CE1CE08 /* Pods-PicShare.release.xcconfig */;
			buildSettings = {
				ASSETCATALOG_COMPILER_APPICON_NAME = AppIcon;
				ASSETCATALOG_COMPILER_GLOBAL_ACCENT_COLOR_NAME = AccentColor;
				CODE_SIGN_STYLE = Automatic;
				CURRENT_PROJECT_VERSION = 1;
				GENERATE_INFOPLIST_FILE = YES;
				INFOPLIST_FILE = PicShare/Info.plist;
				INFOPLIST_KEY_NSPhotoLibraryUsageDescription = "Please allow access to pick image.";
				INFOPLIST_KEY_UIApplicationSupportsIndirectInputEvents = YES;
				INFOPLIST_KEY_UILaunchStoryboardName = LaunchScreen;
				INFOPLIST_KEY_UIMainStoryboardFile = Main;
				INFOPLIST_KEY_UISupportedInterfaceOrientations_iPad = "UIInterfaceOrientationPortrait UIInterfaceOrientationPortraitUpsideDown UIInterfaceOrientationLandscapeLeft UIInterfaceOrientationLandscapeRight";
				INFOPLIST_KEY_UISupportedInterfaceOrientations_iPhone = "UIInterfaceOrientationPortrait UIInterfaceOrientationLandscapeLeft UIInterfaceOrientationLandscapeRight";
				LD_RUNPATH_SEARCH_PATHS = (
					"$(inherited)",
					"@executable_path/Frameworks",
				);
				MARKETING_VERSION = 1.0;
				PRODUCT_BUNDLE_IDENTIFIER = com.roei.PicShare;
				PRODUCT_NAME = "$(TARGET_NAME)";
				SWIFT_EMIT_LOC_STRINGS = YES;
				SWIFT_VERSION = 5.0;
				TARGETED_DEVICE_FAMILY = 1;
			};
			name = Release;
		};
/* End XCBuildConfiguration section */

/* Begin XCConfigurationList section */
		6125EBFF2864B16A0000E336 /* Build configuration list for PBXProject "PicShare" */ = {
			isa = XCConfigurationList;
			buildConfigurations = (
				6125EC162864B16F0000E336 /* Debug */,
				6125EC172864B16F0000E336 /* Release */,
			);
			defaultConfigurationIsVisible = 0;
			defaultConfigurationName = Release;
		};
		6125EC182864B16F0000E336 /* Build configuration list for PBXNativeTarget "PicShare" */ = {
			isa = XCConfigurationList;
			buildConfigurations = (
				6125EC192864B16F0000E336 /* Debug */,
				6125EC1A2864B16F0000E336 /* Release */,
			);
			defaultConfigurationIsVisible = 0;
			defaultConfigurationName = Release;
		};
/* End XCConfigurationList section */
	};
	rootObject = 6125EBFC2864B16A0000E336 /* Project object */;
}
